
Microsoft Visual Studio Solution File, Format Version 12.00
# Visual Studio Version 17
VisualStudioVersion = 17.7.34202.233
MinimumVisualStudioVersion = 10.0.40219.1
Project("{FAE04EC0-301F-11D3-BF4B-00C04F79EFBC}") = "3-1", "3-1.csproj", "{B4DEA54D-C827-4D61-AC2B-B86C009DA41B}"
EndProject
Global
	GlobalSection(SolutionConfigurationPlatforms) = preSolution
		Debug|Any CPU = Debug|Any CPU
		Release|Any CPU = Release|Any CPU
	EndGlobalSection
	GlobalSection(ProjectConfigurationPlatforms) = postSolution
		{B4DEA54D-C827-4D61-AC2B-B86C009DA41B}.Debug|Any CPU.ActiveCfg = Debug|Any CPU
		{B4DEA54D-C827-4D61-AC2B-B86C009DA41B}.Debug|Any CPU.Build.0 = Debug|Any CPU
		{B4DEA54D-C827-4D61-AC2B-B86C009DA41B}.Release|Any CPU.ActiveCfg = Release|Any CPU
		{B4DEA54D-C827-4D61-AC2B-B86C009DA41B}.Release|Any CPU.Build.0 = Release|Any CPU
	EndGlobalSection
	GlobalSection(SolutionProperties) = preSolution
		HideSolutionNode = FALSE
	EndGlobalSection
	GlobalSection(ExtensibilityGlobals) = postSolution
		SolutionGuid = {DE8F6404-C5B2-454E-8C97-CFF83D03C439}
	EndGlobalSection
EndGlobal
